github.com/rickar/cal/v2 v2.0.0-beta.1 h1:G5xKGSczR7J53Iw7uDkiar7iiEOpPZuWzHVRZ1/QD2o=
github.com/rickar/cal/v2 v2.0.0-beta.1/go.mod h1:/fdlMcx7GjPlIBibMzOM9gMvDBsrK+mOtRXdTzUqV/A=
github.com/robfig/cron/v3 v3.0.1 h1:WdRxkvbJztn8LMz/QEvLN5sBU+xKpSqwwUO1Pjr4qDs=
github.com/robfig/cron/v3 v3.0.1/go.mod h1:eQICP3HwyT7UooqI/z+Ov+PtYAWygg1TEWWzGIFLtro=
